// !$*UTF8*$!
{
	archiveVersion = 1;
	classes = {
	};
	objectVersion = 48;
	objects = {

/* Begin PBXBuildFile section */
		21080E6E200CFD2100C89907 /* AsteroidSpawner.swift in Sources */ = {isa = PBXBuildFile; fileRef = 21080E6D200CFD2100C89907 /* AsteroidSpawner.swift */; };
		21080E70200CFFD500C89907 /* FinishLine.swift in Sources */ = {isa = PBXBuildFile; fileRef = 21080E6F200CFFD500C89907 /* FinishLine.swift */; };
		21080E72200D01A400C89907 /* Level1.sks in Resources */ = {isa = PBXBuildFile; fileRef = 21080E71200D01A400C89907 /* Level1.sks */; };
		21080E74200D0CEE00C89907 /* LevelSelectViewController.swift in Sources */ = {isa = PBXBuildFile; fileRef = 21080E73200D0CEE00C89907 /* LevelSelectViewController.swift */; };
		21080E76200D1B0100C89907 /* Level1Scene.swift in Sources */ = {isa = PBXBuildFile; fileRef = 21080E75200D1B0100C89907 /* Level1Scene.swift */; };
		21080E78200D33D300C89907 /* Level2.sks in Resources */ = {isa = PBXBuildFile; fileRef = 21080E77200D33D300C89907 /* Level2.sks */; };
		21080E7A200D33ED00C89907 /* Level2Scene.swift in Sources */ = {isa = PBXBuildFile; fileRef = 21080E79200D33ED00C89907 /* Level2Scene.swift */; };
		210D61D81FEC7A4C00506C67 /* RockExplosion.sks in Resources */ = {isa = PBXBuildFile; fileRef = 210D61D71FEC7A4C00506C67 /* RockExplosion.sks */; };
		210ECF662027A8AA000E9C31 /* shipDeath.sks in Resources */ = {isa = PBXBuildFile; fileRef = 210ECF652027A8AA000E9C31 /* shipDeath.sks */; };
		211A65532012B917007F7786 /* click1.mp3 in Resources */ = {isa = PBXBuildFile; fileRef = 211A65512012B916007F7786 /* click1.mp3 */; };
		211A65542012B917007F7786 /* bgMusic3.mp3 in Resources */ = {isa = PBXBuildFile; fileRef = 211A65522012B917007F7786 /* bgMusic3.mp3 */; };
		211A65562012BCAE007F7786 /* wood-5.wav in Resources */ = {isa = PBXBuildFile; fileRef = 211A65552012BCAE007F7786 /* wood-5.wav */; };
		211A65582012BF16007F7786 /* DeathSound.wav in Resources */ = {isa = PBXBuildFile; fileRef = 211A65572012BF16007F7786 /* DeathSound.wav */; };
		211A655A2012EC4C007F7786 /* click2.mp3 in Resources */ = {isa = PBXBuildFile; fileRef = 211A65592012EC4C007F7786 /* click2.mp3 */; };
		2122220C200C047700587A09 /* Asteroid.swift in Sources */ = {isa = PBXBuildFile; fileRef = 2122220B200C047700587A09 /* Asteroid.swift */; };
		2122220E200C0B4900587A09 /* Sun.swift in Sources */ = {isa = PBXBuildFile; fileRef = 2122220D200C0B4900587A09 /* Sun.swift */; };
		21222210200C0D2400587A09 /* Planet.swift in Sources */ = {isa = PBXBuildFile; fileRef = 2122220F200C0D2400587A09 /* Planet.swift */; };
		212786D7201A6A8300AD7311 /* RockExplosion copy.sks in Resources */ = {isa = PBXBuildFile; fileRef = 212786D6201A6A8300AD7311 /* RockExplosion copy.sks */; };
		2142A7BF20228BF9004C47A7 /* Level9Scene.swift in Sources */ = {isa = PBXBuildFile; fileRef = 2142A7BE20228BF9004C47A7 /* Level9Scene.swift */; };
		2142A7C120228D72004C47A7 /* Level9.sks in Resources */ = {isa = PBXBuildFile; fileRef = 2142A7C020228D72004C47A7 /* Level9.sks */; };
		21439211201BEDEA0019003A /* Level8.sks in Resources */ = {isa = PBXBuildFile; fileRef = 21439210201BEDEA0019003A /* Level8.sks */; };
		21439213201BEE050019003A /* Level8Scene.swift in Sources */ = {isa = PBXBuildFile; fileRef = 21439212201BEE050019003A /* Level8Scene.swift */; };
		214A07CB203652CE00FEA224 /* FBSDKShareKit.framework in Frameworks */ = {isa = PBXBuildFile; fileRef = 214A07C7203652CD00FEA224 /* FBSDKShareKit.framework */; };
		214A07CC203652CE00FEA224 /* FBSDKLoginKit.framework in Frameworks */ = {isa = PBXBuildFile; fileRef = 214A07C8203652CD00FEA224 /* FBSDKLoginKit.framework */; };
		214A07CD203652CE00FEA224 /* FBSDKCoreKit.framework in Frameworks */ = {isa = PBXBuildFile; fileRef = 214A07C9203652CE00FEA224 /* FBSDKCoreKit.framework */; };
		214A07CE203652CE00FEA224 /* Bolts.framework in Frameworks */ = {isa = PBXBuildFile; fileRef = 214A07CA203652CE00FEA224 /* Bolts.framework */; };
		214D9E79202BE5F100C5BB4C /* Level19Scene.swift in Sources */ = {isa = PBXBuildFile; fileRef = 214D9E78202BE5F100C5BB4C /* Level19Scene.swift */; };
		214D9E7B202BF84500C5BB4C /* Level19.sks in Resources */ = {isa = PBXBuildFile; fileRef = 214D9E7A202BF84500C5BB4C /* Level19.sks */; };
		2158470220118A9E00891A44 /* LevelMenuScene.swift in Sources */ = {isa = PBXBuildFile; fileRef = 2158470120118A9E00891A44 /* LevelMenuScene.swift */; };
		2158470420118B7800891A44 /* LevelMenuScene.sks in Resources */ = {isa = PBXBuildFile; fileRef = 2158470320118B7800891A44 /* LevelMenuScene.sks */; };
		2160E1DC2014095000967E16 /* Level4Scene.swift in Sources */ = {isa = PBXBuildFile; fileRef = 2160E1DB2014095000967E16 /* Level4Scene.swift */; };
		2160E1DE20140AA600967E16 /* Level4.sks in Resources */ = {isa = PBXBuildFile; fileRef = 2160E1DD20140AA600967E16 /* Level4.sks */; };
		2160E1E020140C8800967E16 /* Level5Scene.swift in Sources */ = {isa = PBXBuildFile; fileRef = 2160E1DF20140C8800967E16 /* Level5Scene.swift */; };
		2160E1E220140D7D00967E16 /* Level5.sks in Resources */ = {isa = PBXBuildFile; fileRef = 2160E1E120140D7D00967E16 /* Level5.sks */; };
		21632B62202A937B005DAA13 /* Level16.sks in Resources */ = {isa = PBXBuildFile; fileRef = 21632B61202A937B005DAA13 /* Level16.sks */; };
		216741D820534B180036974D /* Level21Scene.swift in Sources */ = {isa = PBXBuildFile; fileRef = 216741D720534B180036974D /* Level21Scene.swift */; };
		216741DA20534B700036974D /* BlackHole.swift in Sources */ = {isa = PBXBuildFile; fileRef = 216741D920534B700036974D /* BlackHole.swift */; };
		216741DC20534D410036974D /* Level21.sks in Resources */ = {isa = PBXBuildFile; fileRef = 216741DB20534D410036974D /* Level21.sks */; };
		216741DE205725310036974D /* Level22Scene.swift in Sources */ = {isa = PBXBuildFile; fileRef = 216741DD205725310036974D /* Level22Scene.swift */; };
		216741E0205726560036974D /* Level22.sks in Resources */ = {isa = PBXBuildFile; fileRef = 216741DF205726560036974D /* Level22.sks */; };
		216741E2205727B00036974D /* Level23Scene.swift in Sources */ = {isa = PBXBuildFile; fileRef = 216741E1205727B00036974D /* Level23Scene.swift */; };
		216741E4205728A70036974D /* Level23.sks in Resources */ = {isa = PBXBuildFile; fileRef = 216741E3205728A70036974D /* Level23.sks */; };
		216741E620585FE90036974D /* Level24Scene.swift in Sources */ = {isa = PBXBuildFile; fileRef = 216741E520585FE90036974D /* Level24Scene.swift */; };
		216741E82058615D0036974D /* Level24.sks in Resources */ = {isa = PBXBuildFile; fileRef = 216741E72058615D0036974D /* Level24.sks */; };
		216741EA2058988F0036974D /* Level25Scene.swift in Sources */ = {isa = PBXBuildFile; fileRef = 216741E92058988F0036974D /* Level25Scene.swift */; };
		216741EC20589C480036974D /* Level25.sks in Resources */ = {isa = PBXBuildFile; fileRef = 216741EB20589C480036974D /* Level25.sks */; };
		2167BCFF20141A690092544A /* Level6Scene.swift in Sources */ = {isa = PBXBuildFile; fileRef = 2167BCFE20141A690092544A /* Level6Scene.swift */; };
		2167BD0120141BC10092544A /* Level6.sks in Resources */ = {isa = PBXBuildFile; fileRef = 2167BD0020141BC10092544A /* Level6.sks */; };
		2168ACB120292CA600575706 /* Level14Scene.swift in Sources */ = {isa = PBXBuildFile; fileRef = 2168ACB020292CA600575706 /* Level14Scene.swift */; };
		2168ACB320292FD500575706 /* Level14.sks in Resources */ = {isa = PBXBuildFile; fileRef = 2168ACB220292FD500575706 /* Level14.sks */; };
		2170361520169D7B00270D17 /* WinSoundOrbit.mp3 in Resources */ = {isa = PBXBuildFile; fileRef = 2170361420169D7B00270D17 /* WinSoundOrbit.mp3 */; };
		217036172016A21B00270D17 /* Level7Scene.swift in Sources */ = {isa = PBXBuildFile; fileRef = 217036162016A21B00270D17 /* Level7Scene.swift */; };
		217036192016A48B00270D17 /* Level7.sks in Resources */ = {isa = PBXBuildFile; fileRef = 217036182016A48B00270D17 /* Level7.sks */; };
		217405992023D7CF00C3BECB /* Level10Scene.swift in Sources */ = {isa = PBXBuildFile; fileRef = 217405982023D7CF00C3BECB /* Level10Scene.swift */; };
		2174059B2023DBA800C3BECB /* Level10.sks in Resources */ = {isa = PBXBuildFile; fileRef = 2174059A2023DBA800C3BECB /* Level10.sks */; };
		2174059D2023DDA900C3BECB /* Level11Scene.swift in Sources */ = {isa = PBXBuildFile; fileRef = 2174059C2023DDA900C3BECB /* Level11Scene.swift */; };
		2174059F2023DF1300C3BECB /* Level11.sks in Resources */ = {isa = PBXBuildFile; fileRef = 2174059E2023DF1300C3BECB /* Level11.sks */; };
		2174B435202A8F92004B9508 /* Level16Scene.swift in Sources */ = {isa = PBXBuildFile; fileRef = 2174B434202A8F92004B9508 /* Level16Scene.swift */; };
		217CA4B8201A9291005F0898 /* Gem.swift in Sources */ = {isa = PBXBuildFile; fileRef = 217CA4B7201A9291005F0898 /* Gem.swift */; };
		218EAE6E2026AC1B000ED458 /* Level12Scene.swift in Sources */ = {isa = PBXBuildFile; fileRef = 218EAE6D2026AC1B000ED458 /* Level12Scene.swift */; };
		218EAE722026AE67000ED458 /* Level12.sks in Resources */ = {isa = PBXBuildFile; fileRef = 218EAE712026AE67000ED458 /* Level12.sks */; };
		21AF4F06202BAEB0001CC41C /* Level18Scene.swift in Sources */ = {isa = PBXBuildFile; fileRef = 21AF4F05202BAEB0001CC41C /* Level18Scene.swift */; };
		21AF4F08202BB109001CC41C /* Level18.sks in Resources */ = {isa = PBXBuildFile; fileRef = 21AF4F07202BB109001CC41C /* Level18.sks */; };
		21B275A7200ECCF9005AB6BD /* Level3.sks in Resources */ = {isa = PBXBuildFile; fileRef = 21B275A6200ECCF9005AB6BD /* Level3.sks */; };
		21B275A9200ECD0D005AB6BD /* Level3Scene.swift in Sources */ = {isa = PBXBuildFile; fileRef = 21B275A8200ECD0D005AB6BD /* Level3Scene.swift */; };
		21BB3B691FEB524D00967D80 /* AsteroidExplosion.sks in Resources */ = {isa = PBXBuildFile; fileRef = 21BB3B681FEB524D00967D80 /* AsteroidExplosion.sks */; };
		21C3E0DF202A8116001E76B2 /* Level15Scene.swift in Sources */ = {isa = PBXBuildFile; fileRef = 21C3E0DE202A8116001E76B2 /* Level15Scene.swift */; };
		21C3E0E1202A8302001E76B2 /* Level15.sks in Resources */ = {isa = PBXBuildFile; fileRef = 21C3E0E0202A8302001E76B2 /* Level15.sks */; };
		21C8E0CB1FEB13AB00B3CC6C /* explotionWhite.sks in Resources */ = {isa = PBXBuildFile; fileRef = 21C8E0CA1FEB13AB00B3CC6C /* explotionWhite.sks */; };
		21E25856202E579900654EA4 /* OrbitBGMusic.mp3 in Resources */ = {isa = PBXBuildFile; fileRef = 21E25855202E579900654EA4 /* OrbitBGMusic.mp3 */; };
		21E6339A202CE3F8005983A4 /* Level20Scene.swift in Sources */ = {isa = PBXBuildFile; fileRef = 21E63399202CE3F8005983A4 /* Level20Scene.swift */; };
		21E6339C202CE707005983A4 /* Level20.sks in Resources */ = {isa = PBXBuildFile; fileRef = 21E6339B202CE707005983A4 /* Level20.sks */; };
		21F0A5C92033B1B4007FAA1C /* TutorialScene.swift in Sources */ = {isa = PBXBuildFile; fileRef = 21F0A5C82033B1B4007FAA1C /* TutorialScene.swift */; };
		21F0A5CB2033B597007FAA1C /* Tutorial.sks in Resources */ = {isa = PBXBuildFile; fileRef = 21F0A5CA2033B597007FAA1C /* Tutorial.sks */; };
		21F39C592007FC8B0008B32B /* AsteroidDie.sks in Resources */ = {isa = PBXBuildFile; fileRef = 21F39C582007FC8B0008B32B /* AsteroidDie.sks */; };
		21F39C5D20095FC70008B32B /* gold.wav in Resources */ = {isa = PBXBuildFile; fileRef = 21F39C5C20095FC60008B32B /* gold.wav */; };
		21F39C60200963960008B32B /* orbit_music.wav in Resources */ = {isa = PBXBuildFile; fileRef = 21F39C5F200963950008B32B /* orbit_music.wav */; };
		21F39C6320096A410008B32B /* orbit_music2.wav in Resources */ = {isa = PBXBuildFile; fileRef = 21F39C6220096A410008B32B /* orbit_music2.wav */; };
		21F97E542044C30D005EAA26 /* GameAnalytics.framework in Frameworks */ = {isa = PBXBuildFile; fileRef = 21F97E532044C30C005EAA26 /* GameAnalytics.framework */; };
		21F97E562044C336005EAA26 /* libGameAnalytics.a in Frameworks */ = {isa = PBXBuildFile; fileRef = 21F97E552044C335005EAA26 /* libGameAnalytics.a */; };
		21F97E592044C360005EAA26 /* AdSupport.framework in Frameworks */ = {isa = PBXBuildFile; fileRef = 21F97E582044C360005EAA26 /* AdSupport.framework */; };
		21F97E5B2044C36C005EAA26 /* SystemConfiguration.framework in Frameworks */ = {isa = PBXBuildFile; fileRef = 21F97E5A2044C36C005EAA26 /* SystemConfiguration.framework */; };
		21F97E5D2044C384005EAA26 /* libsqlite3.tbd in Frameworks */ = {isa = PBXBuildFile; fileRef = 21F97E5C2044C384005EAA26 /* libsqlite3.tbd */; };
		21F97E5F2044C390005EAA26 /* libz.tbd in Frameworks */ = {isa = PBXBuildFile; fileRef = 21F97E5E2044C390005EAA26 /* libz.tbd */; };
		21FB8F14202B9487000A31A3 /* Level17Scene.swift in Sources */ = {isa = PBXBuildFile; fileRef = 21FB8F13202B9487000A31A3 /* Level17Scene.swift */; };
		21FB8F16202B981D000A31A3 /* Level17.sks in Resources */ = {isa = PBXBuildFile; fileRef = 21FB8F15202B981D000A31A3 /* Level17.sks */; };
		D11ED31C1FF5BA3400D74B7A /* planetToPos.sks in Resources */ = {isa = PBXBuildFile; fileRef = D11ED31B1FF5BA3400D74B7A /* planetToPos.sks */; };
		D12171711FE770880056DDE3 /* HomeVC.swift in Sources */ = {isa = PBXBuildFile; fileRef = D12171701FE770880056DDE3 /* HomeVC.swift */; };
		D12171801FE84ADD0056DDE3 /* MyParticle.sks in Resources */ = {isa = PBXBuildFile; fileRef = D121717E1FE84ADD0056DDE3 /* MyParticle.sks */; };
		D12171811FE84ADD0056DDE3 /* Assets.xcassets in Resources */ = {isa = PBXBuildFile; fileRef = D121717F1FE84ADD0056DDE3 /* Assets.xcassets */; };
		D12171831FE84B090056DDE3 /* Explotion.sks in Resources */ = {isa = PBXBuildFile; fileRef = D12171821FE84B090056DDE3 /* Explotion.sks */; };
		D18A1ABF201137D70052CF14 /* LevelSelect.sks in Resources */ = {isa = PBXBuildFile; fileRef = D18A1ABE201137D70052CF14 /* LevelSelect.sks */; };
		D18A1AC1201138190052CF14 /* LevelSelectScene.swift in Sources */ = {isa = PBXBuildFile; fileRef = D18A1AC0201138190052CF14 /* LevelSelectScene.swift */; };
		D18A1AC62011912D0052CF14 /* newTrail.sks in Resources */ = {isa = PBXBuildFile; fileRef = D18A1AC22011912C0052CF14 /* newTrail.sks */; };
		D18A1AC72011912D0052CF14 /* newTrail3.sks in Resources */ = {isa = PBXBuildFile; fileRef = D18A1AC32011912C0052CF14 /* newTrail3.sks */; };
		D18A1AC82011912D0052CF14 /* asteroidtrail.sks in Resources */ = {isa = PBXBuildFile; fileRef = D18A1AC42011912C0052CF14 /* asteroidtrail.sks */; };
		D18A1AC92011912D0052CF14 /* newTrail2.sks in Resources */ = {isa = PBXBuildFile; fileRef = D18A1AC52011912C0052CF14 /* newTrail2.sks */; };
		D192237720142B64006E2F03 /* shop.sks in Resources */ = {isa = PBXBuildFile; fileRef = D192237620142B64006E2F03 /* shop.sks */; };
		D192237920142BE1006E2F03 /* ShopScreen.swift in Sources */ = {isa = PBXBuildFile; fileRef = D192237820142BE1006E2F03 /* ShopScreen.swift */; };
		D1959D3220277FE4006510E8 /* Level13Scene.swift in Sources */ = {isa = PBXBuildFile; fileRef = D1959D3120277FE4006510E8 /* Level13Scene.swift */; };
		D1959D3420278005006510E8 /* Level13.sks in Resources */ = {isa = PBXBuildFile; fileRef = D1959D3320278005006510E8 /* Level13.sks */; };
		D19B63581FE6D9D400577B0B /* RocketThrust.wav in Resources */ = {isa = PBXBuildFile; fileRef = D19B63561FE6D8E600577B0B /* RocketThrust.wav */; };
		D1A8DF02201550A8004AA7D3 /* Blue.sks in Resources */ = {isa = PBXBuildFile; fileRef = D1A8DF01201550A8004AA7D3 /* Blue.sks */; };
		D1BA75811FE32A8800AA6A64 /* Smoke.sks in Resources */ = {isa = PBXBuildFile; fileRef = D1BA75801FE32A8800AA6A64 /* Smoke.sks */; };
		D1EAB1591FDB620300CDC186 /* AppDelegate.swift in Sources */ = {isa = PBXBuildFile; fileRef = D1EAB1581FDB620300CDC186 /* AppDelegate.swift */; };
		D1EAB15B1FDB620300CDC186 /* GameScene.sks in Resources */ = {isa = PBXBuildFile; fileRef = D1EAB15A1FDB620300CDC186 /* GameScene.sks */; };
		D1EAB15D1FDB620300CDC186 /* Actions.sks in Resources */ = {isa = PBXBuildFile; fileRef = D1EAB15C1FDB620300CDC186 /* Actions.sks */; };
		D1EAB15F1FDB620300CDC186 /* GameScene.swift in Sources */ = {isa = PBXBuildFile; fileRef = D1EAB15E1FDB620300CDC186 /* GameScene.swift */; };
		D1EAB1611FDB620300CDC186 /* GameViewController.swift in Sources */ = {isa = PBXBuildFile; fileRef = D1EAB1601FDB620300CDC186 /* GameViewController.swift */; };
		D1EAB1641FDB620300CDC186 /* Main.storyboard in Resources */ = {isa = PBXBuildFile; fileRef = D1EAB1621FDB620300CDC186 /* Main.storyboard */; };
		D1EAB1691FDB620300CDC186 /* LaunchScreen.storyboard in Resources */ = {isa = PBXBuildFile; fileRef = D1EAB1671FDB620300CDC186 /* LaunchScreen.storyboard */; };
		D718C72C204592AC003C8035 /* GameKit.framework in Frameworks */ = {isa = PBXBuildFile; fileRef = D718C72B204592AC003C8035 /* GameKit.framework */; };
		D7A20193202F5F4400E9E3ED /* SettingsScreen.swift in Sources */ = {isa = PBXBuildFile; fileRef = D7A20192202F5F4400E9E3ED /* SettingsScreen.swift */; };
		D7A20195202F5FF300E9E3ED /* settings.sks in Resources */ = {isa = PBXBuildFile; fileRef = D7A20194202F5FF300E9E3ED /* settings.sks */; };
/* End PBXBuildFile section */

/* Begin PBXFileReference section */
		21080E6D200CFD2100C89907 /* AsteroidSpawner.swift */ = {isa = PBXFileReference; lastKnownFileType = sourcecode.swift; path = AsteroidSpawner.swift; sourceTree = "<group>"; };
		21080E6F200CFFD500C89907 /* FinishLine.swift */ = {isa = PBXFileReference; lastKnownFileType = sourcecode.swift; path = FinishLine.swift; sourceTree = "<group>"; };
		21080E71200D01A400C89907 /* Level1.sks */ = {isa = PBXFileReference; lastKnownFileType = file.sks; path = Level1.sks; sourceTree = "<group>"; };
		21080E73200D0CEE00C89907 /* LevelSelectViewController.swift */ = {isa = PBXFileReference; lastKnownFileType = sourcecode.swift; path = LevelSelectViewController.swift; sourceTree = "<group>"; };
		21080E75200D1B0100C89907 /* Level1Scene.swift */ = {isa = PBXFileReference; lastKnownFileType = sourcecode.swift; path = Level1Scene.swift; sourceTree = "<group>"; };
		21080E77200D33D300C89907 /* Level2.sks */ = {isa = PBXFileReference; lastKnownFileType = file.sks; path = Level2.sks; sourceTree = "<group>"; };
		21080E79200D33ED00C89907 /* Level2Scene.swift */ = {isa = PBXFileReference; lastKnownFileType = sourcecode.swift; path = Level2Scene.swift; sourceTree = "<group>"; };
		210D61D71FEC7A4C00506C67 /* RockExplosion.sks */ = {isa = PBXFileReference; lastKnownFileType = file.sks; path = RockExplosion.sks; sourceTree = "<group>"; };
		210ECF652027A8AA000E9C31 /* shipDeath.sks */ = {isa = PBXFileReference; lastKnownFileType = file.sks; path = shipDeath.sks; sourceTree = "<group>"; };
		211A65512012B916007F7786 /* click1.mp3 */ = {isa = PBXFileReference; lastKnownFileType = audio.mp3; path = click1.mp3; sourceTree = "<group>"; };
		211A65522012B917007F7786 /* bgMusic3.mp3 */ = {isa = PBXFileReference; lastKnownFileType = audio.mp3; path = bgMusic3.mp3; sourceTree = "<group>"; };
		211A65552012BCAE007F7786 /* wood-5.wav */ = {isa = PBXFileReference; lastKnownFileType = audio.wav; path = "wood-5.wav"; sourceTree = "<group>"; };
		211A65572012BF16007F7786 /* DeathSound.wav */ = {isa = PBXFileReference; lastKnownFileType = audio.wav; path = DeathSound.wav; sourceTree = "<group>"; };
		211A65592012EC4C007F7786 /* click2.mp3 */ = {isa = PBXFileReference; lastKnownFileType = audio.mp3; path = click2.mp3; sourceTree = "<group>"; };
		2122220B200C047700587A09 /* Asteroid.swift */ = {isa = PBXFileReference; lastKnownFileType = sourcecode.swift; path = Asteroid.swift; sourceTree = "<group>"; };
		2122220D200C0B4900587A09 /* Sun.swift */ = {isa = PBXFileReference; lastKnownFileType = sourcecode.swift; path = Sun.swift; sourceTree = "<group>"; };
		2122220F200C0D2400587A09 /* Planet.swift */ = {isa = PBXFileReference; lastKnownFileType = sourcecode.swift; path = Planet.swift; sourceTree = "<group>"; };
		212786D6201A6A8300AD7311 /* RockExplosion copy.sks */ = {isa = PBXFileReference; lastKnownFileType = file.sks; path = "RockExplosion copy.sks"; sourceTree = "<group>"; };
		2142A7BE20228BF9004C47A7 /* Level9Scene.swift */ = {isa = PBXFileReference; lastKnownFileType = sourcecode.swift; path = Level9Scene.swift; sourceTree = "<group>"; };
		2142A7C020228D72004C47A7 /* Level9.sks */ = {isa = PBXFileReference; lastKnownFileType = file.sks; path = Level9.sks; sourceTree = "<group>"; };
		21439210201BEDEA0019003A /* Level8.sks */ = {isa = PBXFileReference; lastKnownFileType = file.sks; path = Level8.sks; sourceTree = "<group>"; };
		21439212201BEE050019003A /* Level8Scene.swift */ = {isa = PBXFileReference; lastKnownFileType = sourcecode.swift; path = Level8Scene.swift; sourceTree = "<group>"; };
		214A07C7203652CD00FEA224 /* FBSDKShareKit.framework */ = {isa = PBXFileReference; lastKnownFileType = wrapper.framework; path = FBSDKShareKit.framework; sourceTree = "<group>"; };
		214A07C8203652CD00FEA224 /* FBSDKLoginKit.framework */ = {isa = PBXFileReference; lastKnownFileType = wrapper.framework; path = FBSDKLoginKit.framework; sourceTree = "<group>"; };
		214A07C9203652CE00FEA224 /* FBSDKCoreKit.framework */ = {isa = PBXFileReference; lastKnownFileType = wrapper.framework; path = FBSDKCoreKit.framework; sourceTree = "<group>"; };
		214A07CA203652CE00FEA224 /* Bolts.framework */ = {isa = PBXFileReference; lastKnownFileType = wrapper.framework; path = Bolts.framework; sourceTree = "<group>"; };
		214D9E78202BE5F100C5BB4C /* Level19Scene.swift */ = {isa = PBXFileReference; lastKnownFileType = sourcecode.swift; path = Level19Scene.swift; sourceTree = "<group>"; };
		214D9E7A202BF84500C5BB4C /* Level19.sks */ = {isa = PBXFileReference; lastKnownFileType = file.sks; path = Level19.sks; sourceTree = "<group>"; };
		2158470120118A9E00891A44 /* LevelMenuScene.swift */ = {isa = PBXFileReference; lastKnownFileType = sourcecode.swift; path = LevelMenuScene.swift; sourceTree = "<group>"; };
		2158470320118B7800891A44 /* LevelMenuScene.sks */ = {isa = PBXFileReference; lastKnownFileType = file.sks; path = LevelMenuScene.sks; sourceTree = "<group>"; };
		2160E1DB2014095000967E16 /* Level4Scene.swift */ = {isa = PBXFileReference; lastKnownFileType = sourcecode.swift; path = Level4Scene.swift; sourceTree = "<group>"; };
		2160E1DD20140AA600967E16 /* Level4.sks */ = {isa = PBXFileReference; lastKnownFileType = file.sks; path = Level4.sks; sourceTree = "<group>"; };
		2160E1DF20140C8800967E16 /* Level5Scene.swift */ = {isa = PBXFileReference; lastKnownFileType = sourcecode.swift; path = Level5Scene.swift; sourceTree = "<group>"; };
		2160E1E120140D7D00967E16 /* Level5.sks */ = {isa = PBXFileReference; lastKnownFileType = file.sks; path = Level5.sks; sourceTree = "<group>"; };
		21632B61202A937B005DAA13 /* Level16.sks */ = {isa = PBXFileReference; lastKnownFileType = file.sks; path = Level16.sks; sourceTree = "<group>"; };
		216741D720534B180036974D /* Level21Scene.swift */ = {isa = PBXFileReference; lastKnownFileType = sourcecode.swift; path = Level21Scene.swift; sourceTree = "<group>"; };
		216741D920534B700036974D /* BlackHole.swift */ = {isa = PBXFileReference; lastKnownFileType = sourcecode.swift; path = BlackHole.swift; sourceTree = "<group>"; };
		216741DB20534D410036974D /* Level21.sks */ = {isa = PBXFileReference; lastKnownFileType = file.sks; path = Level21.sks; sourceTree = "<group>"; };
		216741DD205725310036974D /* Level22Scene.swift */ = {isa = PBXFileReference; lastKnownFileType = sourcecode.swift; path = Level22Scene.swift; sourceTree = "<group>"; };
		216741DF205726560036974D /* Level22.sks */ = {isa = PBXFileReference; lastKnownFileType = file.sks; path = Level22.sks; sourceTree = "<group>"; };
		216741E1205727B00036974D /* Level23Scene.swift */ = {isa = PBXFileReference; lastKnownFileType = sourcecode.swift; path = Level23Scene.swift; sourceTree = "<group>"; };
		216741E3205728A70036974D /* Level23.sks */ = {isa = PBXFileReference; lastKnownFileType = file.sks; path = Level23.sks; sourceTree = "<group>"; };
		216741E520585FE90036974D /* Level24Scene.swift */ = {isa = PBXFileReference; lastKnownFileType = sourcecode.swift; path = Level24Scene.swift; sourceTree = "<group>"; };
		216741E72058615D0036974D /* Level24.sks */ = {isa = PBXFileReference; lastKnownFileType = file.sks; path = Level24.sks; sourceTree = "<group>"; };
		216741E92058988F0036974D /* Level25Scene.swift */ = {isa = PBXFileReference; lastKnownFileType = sourcecode.swift; path = Level25Scene.swift; sourceTree = "<group>"; };
		216741EB20589C480036974D /* Level25.sks */ = {isa = PBXFileReference; lastKnownFileType = file.sks; path = Level25.sks; sourceTree = "<group>"; };
		2167BCFE20141A690092544A /* Level6Scene.swift */ = {isa = PBXFileReference; lastKnownFileType = sourcecode.swift; path = Level6Scene.swift; sourceTree = "<group>"; };
		2167BD0020141BC10092544A /* Level6.sks */ = {isa = PBXFileReference; lastKnownFileType = file.sks; path = Level6.sks; sourceTree = "<group>"; };
		2168ACB020292CA600575706 /* Level14Scene.swift */ = {isa = PBXFileReference; lastKnownFileType = sourcecode.swift; path = Level14Scene.swift; sourceTree = "<group>"; };
		2168ACB220292FD500575706 /* Level14.sks */ = {isa = PBXFileReference; lastKnownFileType = file.sks; path = Level14.sks; sourceTree = "<group>"; };
		2170361420169D7B00270D17 /* WinSoundOrbit.mp3 */ = {isa = PBXFileReference; lastKnownFileType = audio.mp3; path = WinSoundOrbit.mp3; sourceTree = "<group>"; };
		217036162016A21B00270D17 /* Level7Scene.swift */ = {isa = PBXFileReference; lastKnownFileType = sourcecode.swift; path = Level7Scene.swift; sourceTree = "<group>"; };
		217036182016A48B00270D17 /* Level7.sks */ = {isa = PBXFileReference; lastKnownFileType = file.sks; path = Level7.sks; sourceTree = "<group>"; };
		217405982023D7CF00C3BECB /* Level10Scene.swift */ = {isa = PBXFileReference; lastKnownFileType = sourcecode.swift; path = Level10Scene.swift; sourceTree = "<group>"; };
		2174059A2023DBA800C3BECB /* Level10.sks */ = {isa = PBXFileReference; lastKnownFileType = file.sks; path = Level10.sks; sourceTree = "<group>"; };
		2174059C2023DDA900C3BECB /* Level11Scene.swift */ = {isa = PBXFileReference; lastKnownFileType = sourcecode.swift; path = Level11Scene.swift; sourceTree = "<group>"; };
		2174059E2023DF1300C3BECB /* Level11.sks */ = {isa = PBXFileReference; lastKnownFileType = file.sks; path = Level11.sks; sourceTree = "<group>"; };
		2174B434202A8F92004B9508 /* Level16Scene.swift */ = {isa = PBXFileReference; lastKnownFileType = sourcecode.swift; path = Level16Scene.swift; sourceTree = "<group>"; };
		217CA4B7201A9291005F0898 /* Gem.swift */ = {isa = PBXFileReference; lastKnownFileType = sourcecode.swift; path = Gem.swift; sourceTree = "<group>"; };
		218EAE6D2026AC1B000ED458 /* Level12Scene.swift */ = {isa = PBXFileReference; lastKnownFileType = sourcecode.swift; path = Level12Scene.swift; sourceTree = "<group>"; };
		218EAE712026AE67000ED458 /* Level12.sks */ = {isa = PBXFileReference; lastKnownFileType = file.sks; path = Level12.sks; sourceTree = "<group>"; };
		21AF4F05202BAEB0001CC41C /* Level18Scene.swift */ = {isa = PBXFileReference; lastKnownFileType = sourcecode.swift; path = Level18Scene.swift; sourceTree = "<group>"; };
		21AF4F07202BB109001CC41C /* Level18.sks */ = {isa = PBXFileReference; lastKnownFileType = file.sks; path = Level18.sks; sourceTree = "<group>"; };
		21B275A6200ECCF9005AB6BD /* Level3.sks */ = {isa = PBXFileReference; lastKnownFileType = file.sks; path = Level3.sks; sourceTree = "<group>"; };
		21B275A8200ECD0D005AB6BD /* Level3Scene.swift */ = {isa = PBXFileReference; lastKnownFileType = sourcecode.swift; path = Level3Scene.swift; sourceTree = "<group>"; };
		21BB3B681FEB524D00967D80 /* AsteroidExplosion.sks */ = {isa = PBXFileReference; lastKnownFileType = file.sks; path = AsteroidExplosion.sks; sourceTree = "<group>"; };
		21C3E0DE202A8116001E76B2 /* Level15Scene.swift */ = {isa = PBXFileReference; lastKnownFileType = sourcecode.swift; path = Level15Scene.swift; sourceTree = "<group>"; };
		21C3E0E0202A8302001E76B2 /* Level15.sks */ = {isa = PBXFileReference; lastKnownFileType = file.sks; path = Level15.sks; sourceTree = "<group>"; };
		21C8E0CA1FEB13AB00B3CC6C /* explotionWhite.sks */ = {isa = PBXFileReference; lastKnownFileType = file.sks; path = explotionWhite.sks; sourceTree = "<group>"; };
		21E25855202E579900654EA4 /* OrbitBGMusic.mp3 */ = {isa = PBXFileReference; lastKnownFileType = audio.mp3; path = OrbitBGMusic.mp3; sourceTree = "<group>"; };
		21E63399202CE3F8005983A4 /* Level20Scene.swift */ = {isa = PBXFileReference; lastKnownFileType = sourcecode.swift; path = Level20Scene.swift; sourceTree = "<group>"; };
		21E6339B202CE707005983A4 /* Level20.sks */ = {isa = PBXFileReference; lastKnownFileType = file.sks; path = Level20.sks; sourceTree = "<group>"; };
		21F0A5C82033B1B4007FAA1C /* TutorialScene.swift */ = {isa = PBXFileReference; lastKnownFileType = sourcecode.swift; path = TutorialScene.swift; sourceTree = "<group>"; };
		21F0A5CA2033B597007FAA1C /* Tutorial.sks */ = {isa = PBXFileReference; lastKnownFileType = file.sks; path = Tutorial.sks; sourceTree = "<group>"; };
		21F39C582007FC8B0008B32B /* AsteroidDie.sks */ = {isa = PBXFileReference; lastKnownFileType = file.sks; path = AsteroidDie.sks; sourceTree = "<group>"; };
		21F39C5C20095FC60008B32B /* gold.wav */ = {isa = PBXFileReference; lastKnownFileType = audio.wav; path = gold.wav; sourceTree = "<group>"; };
		21F39C5F200963950008B32B /* orbit_music.wav */ = {isa = PBXFileReference; lastKnownFileType = audio.wav; path = orbit_music.wav; sourceTree = "<group>"; };
		21F39C6220096A410008B32B /* orbit_music2.wav */ = {isa = PBXFileReference; lastKnownFileType = audio.wav; path = orbit_music2.wav; sourceTree = "<group>"; };
		21F97E532044C30C005EAA26 /* GameAnalytics.framework */ = {isa = PBXFileReference; lastKnownFileType = wrapper.framework; path = GameAnalytics.framework; sourceTree = "<group>"; };
		21F97E552044C335005EAA26 /* libGameAnalytics.a */ = {isa = PBXFileReference; lastKnownFileType = archive.ar; path = libGameAnalytics.a; sourceTree = "<group>"; };
		21F97E582044C360005EAA26 /* AdSupport.framework */ = {isa = PBXFileReference; lastKnownFileType = wrapper.framework; name = AdSupport.framework; path = System/Library/Frameworks/AdSupport.framework; sourceTree = SDKROOT; };
		21F97E5A2044C36C005EAA26 /* SystemConfiguration.framework */ = {isa = PBXFileReference; lastKnownFileType = wrapper.framework; name = SystemConfiguration.framework; path = System/Library/Frameworks/SystemConfiguration.framework; sourceTree = SDKROOT; };
		21F97E5C2044C384005EAA26 /* libsqlite3.tbd */ = {isa = PBXFileReference; lastKnownFileType = "sourcecode.text-based-dylib-definition"; name = libsqlite3.tbd; path = usr/lib/libsqlite3.tbd; sourceTree = SDKROOT; };
		21F97E5E2044C390005EAA26 /* libz.tbd */ = {isa = PBXFileReference; lastKnownFileType = "sourcecode.text-based-dylib-definition"; name = libz.tbd; path = usr/lib/libz.tbd; sourceTree = SDKROOT; };
		21FB8F13202B9487000A31A3 /* Level17Scene.swift */ = {isa = PBXFileReference; lastKnownFileType = sourcecode.swift; path = Level17Scene.swift; sourceTree = "<group>"; };
		21FB8F15202B981D000A31A3 /* Level17.sks */ = {isa = PBXFileReference; lastKnownFileType = file.sks; path = Level17.sks; sourceTree = "<group>"; };
		D11ED31B1FF5BA3400D74B7A /* planetToPos.sks */ = {isa = PBXFileReference; lastKnownFileType = file.sks; path = planetToPos.sks; sourceTree = "<group>"; };
		D12171701FE770880056DDE3 /* HomeVC.swift */ = {isa = PBXFileReference; lastKnownFileType = sourcecode.swift; path = HomeVC.swift; sourceTree = "<group>"; };
		D121717E1FE84ADD0056DDE3 /* MyParticle.sks */ = {isa = PBXFileReference; lastKnownFileType = file.sks; path = MyParticle.sks; sourceTree = "<group>"; };
		D121717F1FE84ADD0056DDE3 /* Assets.xcassets */ = {isa = PBXFileReference; lastKnownFileType = folder.assetcatalog; path = Assets.xcassets; sourceTree = "<group>"; };
		D12171821FE84B090056DDE3 /* Explotion.sks */ = {isa = PBXFileReference; lastKnownFileType = file.sks; path = Explotion.sks; sourceTree = "<group>"; };
		D18A1ABE201137D70052CF14 /* LevelSelect.sks */ = {isa = PBXFileReference; lastKnownFileType = file.sks; path = LevelSelect.sks; sourceTree = "<group>"; };
		D18A1AC0201138190052CF14 /* LevelSelectScene.swift */ = {isa = PBXFileReference; lastKnownFileType = sourcecode.swift; path = LevelSelectScene.swift; sourceTree = "<group>"; };
		D18A1AC22011912C0052CF14 /* newTrail.sks */ = {isa = PBXFileReference; lastKnownFileType = file.sks; path = newTrail.sks; sourceTree = "<group>"; };
		D18A1AC32011912C0052CF14 /* newTrail3.sks */ = {isa = PBXFileReference; lastKnownFileType = file.sks; path = newTrail3.sks; sourceTree = "<group>"; };
		D18A1AC42011912C0052CF14 /* asteroidtrail.sks */ = {isa = PBXFileReference; lastKnownFileType = file.sks; path = asteroidtrail.sks; sourceTree = "<group>"; };
		D18A1AC52011912C0052CF14 /* newTrail2.sks */ = {isa = PBXFileReference; lastKnownFileType = file.sks; path = newTrail2.sks; sourceTree = "<group>"; };
		D192237620142B64006E2F03 /* shop.sks */ = {isa = PBXFileReference; lastKnownFileType = file.sks; path = shop.sks; sourceTree = "<group>"; };
		D192237820142BE1006E2F03 /* ShopScreen.swift */ = {isa = PBXFileReference; lastKnownFileType = sourcecode.swift; path = ShopScreen.swift; sourceTree = "<group>"; };
		D1959D3120277FE4006510E8 /* Level13Scene.swift */ = {isa = PBXFileReference; lastKnownFileType = sourcecode.swift; path = Level13Scene.swift; sourceTree = "<group>"; };
		D1959D3320278005006510E8 /* Level13.sks */ = {isa = PBXFileReference; lastKnownFileType = file.sks; path = Level13.sks; sourceTree = "<group>"; };
		D19B63561FE6D8E600577B0B /* RocketThrust.wav */ = {isa = PBXFileReference; lastKnownFileType = audio.wav; path = RocketThrust.wav; sourceTree = "<group>"; };
		D1A8DF01201550A8004AA7D3 /* Blue.sks */ = {isa = PBXFileReference; lastKnownFileType = file.sks; path = Blue.sks; sourceTree = "<group>"; };
		D1BA75801FE32A8800AA6A64 /* Smoke.sks */ = {isa = PBXFileReference; lastKnownFileType = file.sks; path = Smoke.sks; sourceTree = "<group>"; };
		D1EAB1551FDB620300CDC186 /* Orbit.app */ = {isa = PBXFileReference; explicitFileType = wrapper.application; includeInIndex = 0; path = Orbit.app; sourceTree = BUILT_PRODUCTS_DIR; };
		D1EAB1581FDB620300CDC186 /* AppDelegate.swift */ = {isa = PBXFileReference; lastKnownFileType = sourcecode.swift; path = AppDelegate.swift; sourceTree = "<group>"; };
		D1EAB15A1FDB620300CDC186 /* GameScene.sks */ = {isa = PBXFileReference; lastKnownFileType = file.sks; path = GameScene.sks; sourceTree = "<group>"; };
		D1EAB15C1FDB620300CDC186 /* Actions.sks */ = {isa = PBXFileReference; lastKnownFileType = file.sks; path = Actions.sks; sourceTree = "<group>"; };
		D1EAB15E1FDB620300CDC186 /* GameScene.swift */ = {isa = PBXFileReference; lastKnownFileType = sourcecode.swift; path = GameScene.swift; sourceTree = "<group>"; };
		D1EAB1601FDB620300CDC186 /* GameViewController.swift */ = {isa = PBXFileReference; lastKnownFileType = sourcecode.swift; path = GameViewController.swift; sourceTree = "<group>"; };
		D1EAB1631FDB620300CDC186 /* Base */ = {isa = PBXFileReference; lastKnownFileType = file.storyboard; name = Base; path = Base.lproj/Main.storyboard; sourceTree = "<group>"; };
		D1EAB1681FDB620300CDC186 /* Base */ = {isa = PBXFileReference; lastKnownFileType = file.storyboard; name = Base; path = Base.lproj/LaunchScreen.storyboard; sourceTree = "<group>"; };
		D1EAB16A1FDB620300CDC186 /* Info.plist */ = {isa = PBXFileReference; lastKnownFileType = text.plist.xml; path = Info.plist; sourceTree = "<group>"; };
		D718C72B204592AC003C8035 /* GameKit.framework */ = {isa = PBXFileReference; lastKnownFileType = wrapper.framework; name = GameKit.framework; path = System/Library/Frameworks/GameKit.framework; sourceTree = SDKROOT; };
		D7A20192202F5F4400E9E3ED /* SettingsScreen.swift */ = {isa = PBXFileReference; lastKnownFileType = sourcecode.swift; path = SettingsScreen.swift; sourceTree = "<group>"; };
		D7A20194202F5FF300E9E3ED /* settings.sks */ = {isa = PBXFileReference; lastKnownFileType = file.sks; path = settings.sks; sourceTree = "<group>"; };
/* End PBXFileReference section */

/* Begin PBXFrameworksBuildPhase section */
		D1EAB1521FDB620300CDC186 /* Frameworks */ = {
			isa = PBXFrameworksBuildPhase;
			buildActionMask = 2147483647;
			files = (
				D718C72C204592AC003C8035 /* GameKit.framework in Frameworks */,
				21F97E5F2044C390005EAA26 /* libz.tbd in Frameworks */,
				21F97E5D2044C384005EAA26 /* libsqlite3.tbd in Frameworks */,
				21F97E5B2044C36C005EAA26 /* SystemConfiguration.framework in Frameworks */,
				21F97E592044C360005EAA26 /* AdSupport.framework in Frameworks */,
				21F97E562044C336005EAA26 /* libGameAnalytics.a in Frameworks */,
				214A07CC203652CE00FEA224 /* FBSDKLoginKit.framework in Frameworks */,
				21F97E542044C30D005EAA26 /* GameAnalytics.framework in Frameworks */,
				214A07CD203652CE00FEA224 /* FBSDKCoreKit.framework in Frameworks */,
				214A07CB203652CE00FEA224 /* FBSDKShareKit.framework in Frameworks */,
				214A07CE203652CE00FEA224 /* Bolts.framework in Frameworks */,
			);
			runOnlyForDeploymentPostprocessing = 0;
		};
/* End PBXFrameworksBuildPhase section */

/* Begin PBXGroup section */
		21E25857202E589900654EA4 /* Levels */ = {
			isa = PBXGroup;
			children = (
				21080E71200D01A400C89907 /* Level1.sks */,
				21080E75200D1B0100C89907 /* Level1Scene.swift */,
				21080E77200D33D300C89907 /* Level2.sks */,
				21080E79200D33ED00C89907 /* Level2Scene.swift */,
				21B275A6200ECCF9005AB6BD /* Level3.sks */,
				21B275A8200ECD0D005AB6BD /* Level3Scene.swift */,
				2160E1DB2014095000967E16 /* Level4Scene.swift */,
				2160E1DF20140C8800967E16 /* Level5Scene.swift */,
				2160E1DD20140AA600967E16 /* Level4.sks */,
				2160E1E120140D7D00967E16 /* Level5.sks */,
				2167BCFE20141A690092544A /* Level6Scene.swift */,
				2167BD0020141BC10092544A /* Level6.sks */,
				217036162016A21B00270D17 /* Level7Scene.swift */,
				217036182016A48B00270D17 /* Level7.sks */,
				21439210201BEDEA0019003A /* Level8.sks */,
				21439212201BEE050019003A /* Level8Scene.swift */,
				2142A7BE20228BF9004C47A7 /* Level9Scene.swift */,
				2142A7C020228D72004C47A7 /* Level9.sks */,
				217405982023D7CF00C3BECB /* Level10Scene.swift */,
				2174059A2023DBA800C3BECB /* Level10.sks */,
				2174059C2023DDA900C3BECB /* Level11Scene.swift */,
				2174059E2023DF1300C3BECB /* Level11.sks */,
				218EAE6D2026AC1B000ED458 /* Level12Scene.swift */,
				218EAE712026AE67000ED458 /* Level12.sks */,
				D1959D3120277FE4006510E8 /* Level13Scene.swift */,
				D1959D3320278005006510E8 /* Level13.sks */,
				2168ACB020292CA600575706 /* Level14Scene.swift */,
				2168ACB220292FD500575706 /* Level14.sks */,
				21C3E0DE202A8116001E76B2 /* Level15Scene.swift */,
				21C3E0E0202A8302001E76B2 /* Level15.sks */,
				2174B434202A8F92004B9508 /* Level16Scene.swift */,
				21632B61202A937B005DAA13 /* Level16.sks */,
				21FB8F13202B9487000A31A3 /* Level17Scene.swift */,
				21FB8F15202B981D000A31A3 /* Level17.sks */,
				21AF4F05202BAEB0001CC41C /* Level18Scene.swift */,
				21AF4F07202BB109001CC41C /* Level18.sks */,
				214D9E78202BE5F100C5BB4C /* Level19Scene.swift */,
				214D9E7A202BF84500C5BB4C /* Level19.sks */,
				21E63399202CE3F8005983A4 /* Level20Scene.swift */,
				21E6339B202CE707005983A4 /* Level20.sks */,
				216741D720534B180036974D /* Level21Scene.swift */,
				216741DB20534D410036974D /* Level21.sks */,
				216741DD205725310036974D /* Level22Scene.swift */,
				216741DF205726560036974D /* Level22.sks */,
				216741E1205727B00036974D /* Level23Scene.swift */,
				216741E3205728A70036974D /* Level23.sks */,
				216741E520585FE90036974D /* Level24Scene.swift */,
				216741E72058615D0036974D /* Level24.sks */,
				216741E92058988F0036974D /* Level25Scene.swift */,
				216741EB20589C480036974D /* Level25.sks */,
			);
			path = Levels;
			sourceTree = "<group>";
		};
		21E25858202E592D00654EA4 /* Sounds */ = {
			isa = PBXGroup;
			children = (
				211A65522012B917007F7786 /* bgMusic3.mp3 */,
				211A65512012B916007F7786 /* click1.mp3 */,
				21E25855202E579900654EA4 /* OrbitBGMusic.mp3 */,
				211A65552012BCAE007F7786 /* wood-5.wav */,
				D19B63561FE6D8E600577B0B /* RocketThrust.wav */,
				21F39C5C20095FC60008B32B /* gold.wav */,
				211A65572012BF16007F7786 /* DeathSound.wav */,
				211A65592012EC4C007F7786 /* click2.mp3 */,
				21F39C5F200963950008B32B /* orbit_music.wav */,
				21F39C6220096A410008B32B /* orbit_music2.wav */,
				2170361420169D7B00270D17 /* WinSoundOrbit.mp3 */,
			);
			path = Sounds;
			sourceTree = "<group>";
		};
		21E25859202E596200654EA4 /* Particles */ = {
			isa = PBXGroup;
			children = (
				D1BA75801FE32A8800AA6A64 /* Smoke.sks */,
				D12171821FE84B090056DDE3 /* Explotion.sks */,
				D121717E1FE84ADD0056DDE3 /* MyParticle.sks */,
				212786D6201A6A8300AD7311 /* RockExplosion copy.sks */,
				D18A1AC42011912C0052CF14 /* asteroidtrail.sks */,
				D18A1AC22011912C0052CF14 /* newTrail.sks */,
				D18A1AC52011912C0052CF14 /* newTrail2.sks */,
				D18A1AC32011912C0052CF14 /* newTrail3.sks */,
				D1A8DF01201550A8004AA7D3 /* Blue.sks */,
				210ECF652027A8AA000E9C31 /* shipDeath.sks */,
				21C8E0CA1FEB13AB00B3CC6C /* explotionWhite.sks */,
				21BB3B681FEB524D00967D80 /* AsteroidExplosion.sks */,
				210D61D71FEC7A4C00506C67 /* RockExplosion.sks */,
				D11ED31B1FF5BA3400D74B7A /* planetToPos.sks */,
				21F39C582007FC8B0008B32B /* AsteroidDie.sks */,
			);
			path = Particles;
			sourceTree = "<group>";
		};
		21F97E572044C360005EAA26 /* Frameworks */ = {
			isa = PBXGroup;
			children = (
				D718C72B204592AC003C8035 /* GameKit.framework */,
				21F97E5E2044C390005EAA26 /* libz.tbd */,
				21F97E5C2044C384005EAA26 /* libsqlite3.tbd */,
				21F97E5A2044C36C005EAA26 /* SystemConfiguration.framework */,
				21F97E582044C360005EAA26 /* AdSupport.framework */,
			);
			name = Frameworks;
			sourceTree = "<group>";
		};
		D18A1AB5201133280052CF14 /* Recovered References */ = {
			isa = PBXGroup;
			children = (
			);
			name = "Recovered References";
			sourceTree = "<group>";
		};
		D1EAB14C1FDB620200CDC186 = {
			isa = PBXGroup;
			children = (
				D1EAB1571FDB620300CDC186 /* Orbit */,
				D1EAB1561FDB620300CDC186 /* Products */,
				D18A1AB5201133280052CF14 /* Recovered References */,
				21F97E572044C360005EAA26 /* Frameworks */,
			);
			sourceTree = "<group>";
		};
		D1EAB1561FDB620300CDC186 /* Products */ = {
			isa = PBXGroup;
			children = (
				D1EAB1551FDB620300CDC186 /* Orbit.app */,
			);
			name = Products;
			sourceTree = "<group>";
		};
		D1EAB1571FDB620300CDC186 /* Orbit */ = {
			isa = PBXGroup;
			children = (
				D1EAB1581FDB620300CDC186 /* AppDelegate.swift */,
				D1EAB15A1FDB620300CDC186 /* GameScene.sks */,
				D1EAB15C1FDB620300CDC186 /* Actions.sks */,
				D1EAB15E1FDB620300CDC186 /* GameScene.swift */,
				D1EAB1601FDB620300CDC186 /* GameViewController.swift */,
				21080E73200D0CEE00C89907 /* LevelSelectViewController.swift */,
				D1EAB1621FDB620300CDC186 /* Main.storyboard */,
				D1EAB1671FDB620300CDC186 /* LaunchScreen.storyboard */,
				D1EAB16A1FDB620300CDC186 /* Info.plist */,
				D12171701FE770880056DDE3 /* HomeVC.swift */,
				D121717F1FE84ADD0056DDE3 /* Assets.xcassets */,
				21E25857202E589900654EA4 /* Levels */,
				21E25859202E596200654EA4 /* Particles */,
				21E25858202E592D00654EA4 /* Sounds */,
				2122220B200C047700587A09 /* Asteroid.swift */,
				2122220D200C0B4900587A09 /* Sun.swift */,
				2122220F200C0D2400587A09 /* Planet.swift */,
				216741D920534B700036974D /* BlackHole.swift */,
				21080E6D200CFD2100C89907 /* AsteroidSpawner.swift */,
				21080E6F200CFFD500C89907 /* FinishLine.swift */,
				D18A1ABE201137D70052CF14 /* LevelSelect.sks */,
				D18A1AC0201138190052CF14 /* LevelSelectScene.swift */,
				2158470120118A9E00891A44 /* LevelMenuScene.swift */,
				2158470320118B7800891A44 /* LevelMenuScene.sks */,
				D192237620142B64006E2F03 /* shop.sks */,
				D192237820142BE1006E2F03 /* ShopScreen.swift */,
				217CA4B7201A9291005F0898 /* Gem.swift */,
				D7A20192202F5F4400E9E3ED /* SettingsScreen.swift */,
				21F0A5C82033B1B4007FAA1C /* TutorialScene.swift */,
				D7A20194202F5FF300E9E3ED /* settings.sks */,
				21F0A5CA2033B597007FAA1C /* Tutorial.sks */,
				21F97E552044C335005EAA26 /* libGameAnalytics.a */,
				21F97E532044C30C005EAA26 /* GameAnalytics.framework */,
				214A07CA203652CE00FEA224 /* Bolts.framework */,
				214A07C9203652CE00FEA224 /* FBSDKCoreKit.framework */,
				214A07C8203652CD00FEA224 /* FBSDKLoginKit.framework */,
				214A07C7203652CD00FEA224 /* FBSDKShareKit.framework */,
			);
			path = Orbit;
			sourceTree = "<group>";
		};
/* End PBXGroup section */

/* Begin PBXNativeTarget section */
		D1EAB1541FDB620300CDC186 /* Orbit */ = {
			isa = PBXNativeTarget;
			buildConfigurationList = D1EAB16D1FDB620300CDC186 /* Build configuration list for PBXNativeTarget "Orbit" */;
			buildPhases = (
				D1EAB1511FDB620300CDC186 /* Sources */,
				D1EAB1521FDB620300CDC186 /* Frameworks */,
				D1EAB1531FDB620300CDC186 /* Resources */,
			);
			buildRules = (
			);
			dependencies = (
			);
			name = Orbit;
			productName = Orbit;
			productReference = D1EAB1551FDB620300CDC186 /* Orbit.app */;
			productType = "com.apple.product-type.application";
		};
/* End PBXNativeTarget section */

/* Begin PBXProject section */
		D1EAB14D1FDB620200CDC186 /* Project object */ = {
			isa = PBXProject;
			attributes = {
				LastSwiftUpdateCheck = 0900;
				LastUpgradeCheck = 0900;
				ORGANIZATIONNAME = "10-12";
				TargetAttributes = {
					D1EAB1541FDB620300CDC186 = {
						CreatedOnToolsVersion = 9.0;
						ProvisioningStyle = Automatic;
						SystemCapabilities = {
							com.apple.GameCenter = {
								enabled = 1;
							};
						};
					};
				};
			};
			buildConfigurationList = D1EAB1501FDB620200CDC186 /* Build configuration list for PBXProject "Orbit" */;
			compatibilityVersion = "Xcode 8.0";
			developmentRegion = en;
			hasScannedForEncodings = 0;
			knownRegions = (
				en,
				Base,
			);
			mainGroup = D1EAB14C1FDB620200CDC186;
			productRefGroup = D1EAB1561FDB620300CDC186 /* Products */;
			projectDirPath = "";
			projectRoot = "";
			targets = (
				D1EAB1541FDB620300CDC186 /* Orbit */,
			);
		};
/* End PBXProject section */

/* Begin PBXResourcesBuildPhase section */
		D1EAB1531FDB620300CDC186 /* Resources */ = {
			isa = PBXResourcesBuildPhase;
			buildActionMask = 2147483647;
			files = (
				211A65532012B917007F7786 /* click1.mp3 in Resources */,
				2167BD0120141BC10092544A /* Level6.sks in Resources */,
				D1959D3420278005006510E8 /* Level13.sks in Resources */,
				D19B63581FE6D9D400577B0B /* RocketThrust.wav in Resources */,
				216741E4205728A70036974D /* Level23.sks in Resources */,
				211A65562012BCAE007F7786 /* wood-5.wav in Resources */,
				211A65582012BF16007F7786 /* DeathSound.wav in Resources */,
				21E25856202E579900654EA4 /* OrbitBGMusic.mp3 in Resources */,
				D12171831FE84B090056DDE3 /* Explotion.sks in Resources */,
				211A65542012B917007F7786 /* bgMusic3.mp3 in Resources */,
				212786D7201A6A8300AD7311 /* RockExplosion copy.sks in Resources */,
				D1EAB1641FDB620300CDC186 /* Main.storyboard in Resources */,
				211A655A2012EC4C007F7786 /* click2.mp3 in Resources */,
				216741E0205726560036974D /* Level22.sks in Resources */,
				D7A20195202F5FF300E9E3ED /* settings.sks in Resources */,
				D18A1AC82011912D0052CF14 /* asteroidtrail.sks in Resources */,
				D11ED31C1FF5BA3400D74B7A /* planetToPos.sks in Resources */,
				D1BA75811FE32A8800AA6A64 /* Smoke.sks in Resources */,
				D18A1AC72011912D0052CF14 /* newTrail3.sks in Resources */,
				21439211201BEDEA0019003A /* Level8.sks in Resources */,
				2142A7C120228D72004C47A7 /* Level9.sks in Resources */,
				21F39C6320096A410008B32B /* orbit_music2.wav in Resources */,
				217036192016A48B00270D17 /* Level7.sks in Resources */,
				21F39C592007FC8B0008B32B /* AsteroidDie.sks in Resources */,
				2158470420118B7800891A44 /* LevelMenuScene.sks in Resources */,
				210D61D81FEC7A4C00506C67 /* RockExplosion.sks in Resources */,
				21BB3B691FEB524D00967D80 /* AsteroidExplosion.sks in Resources */,
				D18A1AC62011912D0052CF14 /* newTrail.sks in Resources */,
				21C3E0E1202A8302001E76B2 /* Level15.sks in Resources */,
				D1EAB15B1FDB620300CDC186 /* GameScene.sks in Resources */,
				21F39C5D20095FC70008B32B /* gold.wav in Resources */,
				21E6339C202CE707005983A4 /* Level20.sks in Resources */,
				210ECF662027A8AA000E9C31 /* shipDeath.sks in Resources */,
				D12171801FE84ADD0056DDE3 /* MyParticle.sks in Resources */,
				2160E1DE20140AA600967E16 /* Level4.sks in Resources */,
				2160E1E220140D7D00967E16 /* Level5.sks in Resources */,
				2174059F2023DF1300C3BECB /* Level11.sks in Resources */,
				21F39C60200963960008B32B /* orbit_music.wav in Resources */,
				D18A1ABF201137D70052CF14 /* LevelSelect.sks in Resources */,
				21C8E0CB1FEB13AB00B3CC6C /* explotionWhite.sks in Resources */,
				D1A8DF02201550A8004AA7D3 /* Blue.sks in Resources */,
				214D9E7B202BF84500C5BB4C /* Level19.sks in Resources */,
				D1EAB1691FDB620300CDC186 /* LaunchScreen.storyboard in Resources */,
				2174059B2023DBA800C3BECB /* Level10.sks in Resources */,
				216741DC20534D410036974D /* Level21.sks in Resources */,
				D18A1AC92011912D0052CF14 /* newTrail2.sks in Resources */,
				D12171811FE84ADD0056DDE3 /* Assets.xcassets in Resources */,
				218EAE722026AE67000ED458 /* Level12.sks in Resources */,
				216741E82058615D0036974D /* Level24.sks in Resources */,
				21080E72200D01A400C89907 /* Level1.sks in Resources */,
				21FB8F16202B981D000A31A3 /* Level17.sks in Resources */,
				21B275A7200ECCF9005AB6BD /* Level3.sks in Resources */,
				2168ACB320292FD500575706 /* Level14.sks in Resources */,
				21632B62202A937B005DAA13 /* Level16.sks in Resources */,
				216741EC20589C480036974D /* Level25.sks in Resources */,
				D192237720142B64006E2F03 /* shop.sks in Resources */,
				D1EAB15D1FDB620300CDC186 /* Actions.sks in Resources */,
				21AF4F08202BB109001CC41C /* Level18.sks in Resources */,
				2170361520169D7B00270D17 /* WinSoundOrbit.mp3 in Resources */,
				21080E78200D33D300C89907 /* Level2.sks in Resources */,
				21F0A5CB2033B597007FAA1C /* Tutorial.sks in Resources */,
			);
			runOnlyForDeploymentPostprocessing = 0;
		};
/* End PBXResourcesBuildPhase section */

/* Begin PBXSourcesBuildPhase section */
		D1EAB1511FDB620300CDC186 /* Sources */ = {
			isa = PBXSourcesBuildPhase;
			buildActionMask = 2147483647;
			files = (
				216741D820534B180036974D /* Level21Scene.swift in Sources */,
				21080E7A200D33ED00C89907 /* Level2Scene.swift in Sources */,
				D18A1AC1201138190052CF14 /* LevelSelectScene.swift in Sources */,
				214D9E79202BE5F100C5BB4C /* Level19Scene.swift in Sources */,
				2167BCFF20141A690092544A /* Level6Scene.swift in Sources */,
				2158470220118A9E00891A44 /* LevelMenuScene.swift in Sources */,
				21C3E0DF202A8116001E76B2 /* Level15Scene.swift in Sources */,
				2168ACB120292CA600575706 /* Level14Scene.swift in Sources */,
				216741E2205727B00036974D /* Level23Scene.swift in Sources */,
				D1EAB15F1FDB620300CDC186 /* GameScene.swift in Sources */,
				217036172016A21B00270D17 /* Level7Scene.swift in Sources */,
				D12171711FE770880056DDE3 /* HomeVC.swift in Sources */,
				216741DA20534B700036974D /* BlackHole.swift in Sources */,
				2122220E200C0B4900587A09 /* Sun.swift in Sources */,
				2160E1DC2014095000967E16 /* Level4Scene.swift in Sources */,
				D192237920142BE1006E2F03 /* ShopScreen.swift in Sources */,
				2142A7BF20228BF9004C47A7 /* Level9Scene.swift in Sources */,
				2174059D2023DDA900C3BECB /* Level11Scene.swift in Sources */,
				21439213201BEE050019003A /* Level8Scene.swift in Sources */,
				217405992023D7CF00C3BECB /* Level10Scene.swift in Sources */,
				216741DE205725310036974D /* Level22Scene.swift in Sources */,
				21080E70200CFFD500C89907 /* FinishLine.swift in Sources */,
				21080E6E200CFD2100C89907 /* AsteroidSpawner.swift in Sources */,
				D7A20193202F5F4400E9E3ED /* SettingsScreen.swift in Sources */,
				21080E76200D1B0100C89907 /* Level1Scene.swift in Sources */,
				2160E1E020140C8800967E16 /* Level5Scene.swift in Sources */,
				21FB8F14202B9487000A31A3 /* Level17Scene.swift in Sources */,
				2174B435202A8F92004B9508 /* Level16Scene.swift in Sources */,
				21E6339A202CE3F8005983A4 /* Level20Scene.swift in Sources */,
				D1959D3220277FE4006510E8 /* Level13Scene.swift in Sources */,
				218EAE6E2026AC1B000ED458 /* Level12Scene.swift in Sources */,
				D1EAB1611FDB620300CDC186 /* GameViewController.swift in Sources */,
				21F0A5C92033B1B4007FAA1C /* TutorialScene.swift in Sources */,
				21222210200C0D2400587A09 /* Planet.swift in Sources */,
				216741EA2058988F0036974D /* Level25Scene.swift in Sources */,
				216741E620585FE90036974D /* Level24Scene.swift in Sources */,
				21B275A9200ECD0D005AB6BD /* Level3Scene.swift in Sources */,
				217CA4B8201A9291005F0898 /* Gem.swift in Sources */,
				21AF4F06202BAEB0001CC41C /* Level18Scene.swift in Sources */,
				21080E74200D0CEE00C89907 /* LevelSelectViewController.swift in Sources */,
				D1EAB1591FDB620300CDC186 /* AppDelegate.swift in Sources */,
				2122220C200C047700587A09 /* Asteroid.swift in Sources */,
			);
			runOnlyForDeploymentPostprocessing = 0;
		};
/* End PBXSourcesBuildPhase section */

/* Begin PBXVariantGroup section */
		D1EAB1621FDB620300CDC186 /* Main.storyboard */ = {
			isa = PBXVariantGroup;
			children = (
				D1EAB1631FDB620300CDC186 /* Base */,
			);
			name = Main.storyboard;
			sourceTree = "<group>";
		};
		D1EAB1671FDB620300CDC186 /* LaunchScreen.storyboard */ = {
			isa = PBXVariantGroup;
			children = (
				D1EAB1681FDB620300CDC186 /* Base */,
			);
			name = LaunchScreen.storyboard;
			sourceTree = "<group>";
		};
/* End PBXVariantGroup section */

/* Begin XCBuildConfiguration section */
		D1EAB16B1FDB620300CDC186 /* Debug */ = {
			isa = XCBuildConfiguration;
			buildSettings = {
				ALWAYS_SEARCH_USER_PATHS = NO;
				CLANG_ANALYZER_NONNULL = YES;
				CLANG_ANALYZER_NUMBER_OBJECT_CONVERSION = YES_AGGRESSIVE;
				CLANG_CXX_LANGUAGE_STANDARD = "gnu++14";
				CLANG_CXX_LIBRARY = "libc++";
				CLANG_ENABLE_MODULES = YES;
				CLANG_ENABLE_OBJC_ARC = YES;
				CLANG_WARN_BLOCK_CAPTURE_AUTORELEASING = YES;
				CLANG_WARN_BOOL_CONVERSION = YES;
				CLANG_WARN_COMMA = YES;
				CLANG_WARN_CONSTANT_CONVERSION = YES;
				CLANG_WARN_DIRECT_OBJC_ISA_USAGE = YES_ERROR;
				CLANG_WARN_DOCUMENTATION_COMMENTS = YES;
				CLANG_WARN_EMPTY_BODY = YES;
				CLANG_WARN_ENUM_CONVERSION = YES;
				CLANG_WARN_INFINITE_RECURSION = YES;
				CLANG_WARN_INT_CONVERSION = YES;
				CLANG_WARN_NON_LITERAL_NULL_CONVERSION = YES;
				CLANG_WARN_OBJC_LITERAL_CONVERSION = YES;
				CLANG_WARN_OBJC_ROOT_CLASS = YES_ERROR;
				CLANG_WARN_RANGE_LOOP_ANALYSIS = YES;
				CLANG_WARN_STRICT_PROTOTYPES = YES;
				CLANG_WARN_SUSPICIOUS_MOVE = YES;
				CLANG_WARN_UNGUARDED_AVAILABILITY = YES_AGGRESSIVE;
				CLANG_WARN_UNREACHABLE_CODE = YES;
				CLANG_WARN__DUPLICATE_METHOD_MATCH = YES;
				CODE_SIGN_IDENTITY = "iPhone Developer";
				COPY_PHASE_STRIP = NO;
				DEBUG_INFORMATION_FORMAT = dwarf;
				ENABLE_STRICT_OBJC_MSGSEND = YES;
				ENABLE_TESTABILITY = YES;
				GCC_C_LANGUAGE_STANDARD = gnu11;
				GCC_DYNAMIC_NO_PIC = NO;
				GCC_NO_COMMON_BLOCKS = YES;
				GCC_OPTIMIZATION_LEVEL = 0;
				GCC_PREPROCESSOR_DEFINITIONS = (
					"DEBUG=1",
					"$(inherited)",
				);
				GCC_WARN_64_TO_32_BIT_CONVERSION = YES;
				GCC_WARN_ABOUT_RETURN_TYPE = YES_ERROR;
				GCC_WARN_UNDECLARED_SELECTOR = YES;
				GCC_WARN_UNINITIALIZED_AUTOS = YES_AGGRESSIVE;
				GCC_WARN_UNUSED_FUNCTION = YES;
				GCC_WARN_UNUSED_VARIABLE = YES;
				IPHONEOS_DEPLOYMENT_TARGET = 11.0;
				MTL_ENABLE_DEBUG_INFO = YES;
				ONLY_ACTIVE_ARCH = YES;
				SDKROOT = iphoneos;
				SWIFT_ACTIVE_COMPILATION_CONDITIONS = DEBUG;
				SWIFT_OPTIMIZATION_LEVEL = "-Onone";
			};
			name = Debug;
		};
		D1EAB16C1FDB620300CDC186 /* Release */ = {
			isa = XCBuildConfiguration;
			buildSettings = {
				ALWAYS_SEARCH_USER_PATHS = NO;
				CLANG_ANALYZER_NONNULL = YES;
				CLANG_ANALYZER_NUMBER_OBJECT_CONVERSION = YES_AGGRESSIVE;
				CLANG_CXX_LANGUAGE_STANDARD = "gnu++14";
				CLANG_CXX_LIBRARY = "libc++";
				CLANG_ENABLE_MODULES = YES;
				CLANG_ENABLE_OBJC_ARC = YES;
				CLANG_WARN_BLOCK_CAPTURE_AUTORELEASING = YES;
				CLANG_WARN_BOOL_CONVERSION = YES;
				CLANG_WARN_COMMA = YES;
				CLANG_WARN_CONSTANT_CONVERSION = YES;
				CLANG_WARN_DIRECT_OBJC_ISA_USAGE = YES_ERROR;
				CLANG_WARN_DOCUMENTATION_COMMENTS = YES;
				CLANG_WARN_EMPTY_BODY = YES;
				CLANG_WARN_ENUM_CONVERSION = YES;
				CLANG_WARN_INFINITE_RECURSION = YES;
				CLANG_WARN_INT_CONVERSION = YES;
				CLANG_WARN_NON_LITERAL_NULL_CONVERSION = YES;
				CLANG_WARN_OBJC_LITERAL_CONVERSION = YES;
				CLANG_WARN_OBJC_ROOT_CLASS = YES_ERROR;
				CLANG_WARN_RANGE_LOOP_ANALYSIS = YES;
				CLANG_WARN_STRICT_PROTOTYPES = YES;
				CLANG_WARN_SUSPICIOUS_MOVE = YES;
				CLANG_WARN_UNGUARDED_AVAILABILITY = YES_AGGRESSIVE;
				CLANG_WARN_UNREACHABLE_CODE = YES;
				CLANG_WARN__DUPLICATE_METHOD_MATCH = YES;
				CODE_SIGN_IDENTITY = "iPhone Developer";
				COPY_PHASE_STRIP = NO;
				DEBUG_INFORMATION_FORMAT = "dwarf-with-dsym";
				ENABLE_NS_ASSERTIONS = NO;
				ENABLE_STRICT_OBJC_MSGSEND = YES;
				GCC_C_LANGUAGE_STANDARD = gnu11;
				GCC_NO_COMMON_BLOCKS = YES;
				GCC_WARN_64_TO_32_BIT_CONVERSION = YES;
				GCC_WARN_ABOUT_RETURN_TYPE = YES_ERROR;
				GCC_WARN_UNDECLARED_SELECTOR = YES;
				GCC_WARN_UNINITIALIZED_AUTOS = YES_AGGRESSIVE;
				GCC_WARN_UNUSED_FUNCTION = YES;
				GCC_WARN_UNUSED_VARIABLE = YES;
				IPHONEOS_DEPLOYMENT_TARGET = 11.0;
				MTL_ENABLE_DEBUG_INFO = NO;
				SDKROOT = iphoneos;
				SWIFT_OPTIMIZATION_LEVEL = "-Owholemodule";
				VALIDATE_PRODUCT = YES;
			};
			name = Release;
		};
		D1EAB16E1FDB620300CDC186 /* Debug */ = {
			isa = XCBuildConfiguration;
			buildSettings = {
				ASSETCATALOG_COMPILER_APPICON_NAME = AppIcon;
				CODE_SIGN_STYLE = Automatic;
				DEVELOPMENT_TEAM = SWYGWFGR5M;
				FRAMEWORK_SEARCH_PATHS = (
					"$(inherited)",
					"$(PROJECT_DIR)/Orbit",
				);
				INFOPLIST_FILE = Orbit/Info.plist;
				IPHONEOS_DEPLOYMENT_TARGET = 9.3;
				LD_RUNPATH_SEARCH_PATHS = "$(inherited) @executable_path/Frameworks";
				LIBRARY_SEARCH_PATHS = (
					"$(inherited)",
					"$(PROJECT_DIR)/Orbit",
				);
				PRODUCT_BUNDLE_IDENTIFIER = projects.henry.Orbit;
				PRODUCT_NAME = "$(TARGET_NAME)";
				SWIFT_VERSION = 4.0;
				TARGETED_DEVICE_FAMILY = 1;
			};
			name = Debug;
		};
		D1EAB16F1FDB620300CDC186 /* Release */ = {
			isa = XCBuildConfiguration;
			buildSettings = {
				ASSETCATALOG_COMPILER_APPICON_NAME = AppIcon;
				CODE_SIGN_STYLE = Automatic;
				DEVELOPMENT_TEAM = SWYGWFGR5M;
				FRAMEWORK_SEARCH_PATHS = (
					"$(inherited)",
					"$(PROJECT_DIR)/Orbit",
				);
				INFOPLIST_FILE = Orbit/Info.plist;
				IPHONEOS_DEPLOYMENT_TARGET = 9.3;
				LD_RUNPATH_SEARCH_PATHS = "$(inherited) @executable_path/Frameworks";
				LIBRARY_SEARCH_PATHS = (
					"$(inherited)",
					"$(PROJECT_DIR)/Orbit",
				);
				PRODUCT_BUNDLE_IDENTIFIER = projects.henry.Orbit;
				PRODUCT_NAME = "$(TARGET_NAME)";
				SWIFT_VERSION = 4.0;
				TARGETED_DEVICE_FAMILY = 1;
			};
			name = Release;
		};
/* End XCBuildConfiguration section */

/* Begin XCConfigurationList section */
		D1EAB1501FDB620200CDC186 /* Build configuration list for PBXProject "Orbit" */ = {
			isa = XCConfigurationList;
			buildConfigurations = (
				D1EAB16B1FDB620300CDC186 /* Debug */,
				D1EAB16C1FDB620300CDC186 /* Release */,
			);
			defaultConfigurationIsVisible = 0;
			defaultConfigurationName = Release;
		};
		D1EAB16D1FDB620300CDC186 /* Build configuration list for PBXNativeTarget "Orbit" */ = {
			isa = XCConfigurationList;
			buildConfigurations = (
				D1EAB16E1FDB620300CDC186 /* Debug */,
				D1EAB16F1FDB620300CDC186 /* Release */,
			);
			defaultConfigurationIsVisible = 0;
			defaultConfigurationName = Release;
		};
/* End XCConfigurationList section */
	};
	rootObject = D1EAB14D1FDB620200CDC186 /* Project object */;
}
